
Microsoft Visual Studio Solution File, Format Version 12.00
# Visual Studio Version 17
VisualStudioVersion = 17.1.31911.260
MinimumVisualStudioVersion = 10.0.40219.1
Project("{FAE04EC0-301F-11D3-BF4B-00C04F79EFBC}") = "BlazingBlog.Server", "BlazingBlog\Server\BlazingBlog.Server.csproj", "{54D39B42-5DFF-45A8-9718-EC0F34E33FE8}"
EndProject
Project("{FAE04EC0-301F-11D3-BF4B-00C04F79EFBC}") = "BlazingBlog.Client", "BlazingBlog\Client\BlazingBlog.Client.csproj", "{AFF0EC68-50BC-4B77-8C5A-954DDC3861FB}"
EndProject
Project("{FAE04EC0-301F-11D3-BF4B-00C04F79EFBC}") = "BlazingBlog.Shared", "BlazingBlog\Shared\BlazingBlog.Shared.csproj", "{562CC74D-452E-4C2F-AA5F-F6BA5157334E}"
EndProject
Global
	GlobalSection(SolutionConfigurationPlatforms) = preSolution
		Debug|Any CPU = Debug|Any CPU
		Release|Any CPU = Release|Any CPU
	EndGlobalSection
	GlobalSection(ProjectConfigurationPlatforms) = postSolution
		{54D39B42-5DFF-45A8-9718-EC0F34E33FE8}.Debug|Any CPU.ActiveCfg = Debug|Any CPU
		{54D39B42-5DFF-45A8-9718-EC0F34E33FE8}.Debug|Any CPU.Build.0 = Debug|Any CPU
		{54D39B42-5DFF-45A8-9718-EC0F34E33FE8}.Release|Any CPU.ActiveCfg = Release|Any CPU
		{54D39B42-5DFF-45A8-9718-EC0F34E33FE8}.Release|Any CPU.Build.0 = Release|Any CPU
		{AFF0EC68-50BC-4B77-8C5A-954DDC3861FB}.Debug|Any CPU.ActiveCfg = Debug|Any CPU
		{AFF0EC68-50BC-4B77-8C5A-954DDC3861FB}.Debug|Any CPU.Build.0 = Debug|Any CPU
		{AFF0EC68-50BC-4B77-8C5A-954DDC3861FB}.Release|Any CPU.ActiveCfg = Release|Any CPU
		{AFF0EC68-50BC-4B77-8C5A-954DDC3861FB}.Release|Any CPU.Build.0 = Release|Any CPU
		{562CC74D-452E-4C2F-AA5F-F6BA5157334E}.Debug|Any CPU.ActiveCfg = Debug|Any CPU
		{562CC74D-452E-4C2F-AA5F-F6BA5157334E}.Debug|Any CPU.Build.0 = Debug|Any CPU
		{562CC74D-452E-4C2F-AA5F-F6BA5157334E}.Release|Any CPU.ActiveCfg = Release|Any CPU
		{562CC74D-452E-4C2F-AA5F-F6BA5157334E}.Release|Any CPU.Build.0 = Release|Any CPU
	EndGlobalSection
	GlobalSection(SolutionProperties) = preSolution
		HideSolutionNode = FALSE
	EndGlobalSection
	GlobalSection(ExtensibilityGlobals) = postSolution
		SolutionGuid = {164DFBC0-7A5E-4312-A70C-25C77CB9CEB7}
	EndGlobalSection
EndGlobal
